
Microsoft Visual Studio Solution File, Format Version 12.00
# Visual Studio Version 16
VisualStudioVersion = 16.0.29503.13
MinimumVisualStudioVersion = 10.0.40219.1
Project("{FAE04EC0-301F-11D3-BF4B-00C04F79EFBC}") = "StringToInteger", "StringToInteger\StringToInteger.csproj", "{78734803-5599-4535-9476-17034BF36AFB}"
EndProject
Global
	GlobalSection(SolutionConfigurationPlatforms) = preSolution
		Debug|Any CPU = Debug|Any CPU
		Release|Any CPU = Release|Any CPU
	EndGlobalSection
	GlobalSection(ProjectConfigurationPlatforms) = postSolution
		{78734803-5599-4535-9476-17034BF36AFB}.Debug|Any CPU.ActiveCfg = Debug|Any CPU
		{78734803-5599-4535-9476-17034BF36AFB}.Debug|Any CPU.Build.0 = Debug|Any CPU
		{78734803-5599-4535-9476-17034BF36AFB}.Release|Any CPU.ActiveCfg = Release|Any CPU
		{78734803-5599-4535-9476-17034BF36AFB}.Release|Any CPU.Build.0 = Release|Any CPU
	EndGlobalSection
	GlobalSection(SolutionProperties) = preSolution
		HideSolutionNode = FALSE
	EndGlobalSection
	GlobalSection(ExtensibilityGlobals) = postSolution
		SolutionGuid = {52C1BC6F-1AE5-4B34-97C2-079F1693C500}
	EndGlobalSection
EndGlobal
