
Microsoft Visual Studio Solution File, Format Version 12.00
# Visual Studio Version 16
VisualStudioVersion = 16.0.29503.13
MinimumVisualStudioVersion = 10.0.40219.1
Project("{FAE04EC0-301F-11D3-BF4B-00C04F79EFBC}") = "BeginnerContest197(27march)", "BeginnerContest197(27march)\BeginnerContest197(27march).csproj", "{20A5ED17-7C75-4E14-98E2-82BC53D8417E}"
EndProject
Project("{FAE04EC0-301F-11D3-BF4B-00C04F79EFBC}") = "ORXOR", "ORXOR\ORXOR.csproj", "{CD56D95D-EF68-460B-9502-02BAD2B7A399}"
EndProject
Project("{FAE04EC0-301F-11D3-BF4B-00C04F79EFBC}") = "Visiblity", "Visiblity\Visiblity.csproj", "{30116905-D0E9-44B2-8FA9-3C17AFA0FB2E}"
EndProject
Global
	GlobalSection(SolutionConfigurationPlatforms) = preSolution
		Debug|Any CPU = Debug|Any CPU
		Release|Any CPU = Release|Any CPU
	EndGlobalSection
	GlobalSection(ProjectConfigurationPlatforms) = postSolution
		{20A5ED17-7C75-4E14-98E2-82BC53D8417E}.Debug|Any CPU.ActiveCfg = Debug|Any CPU
		{20A5ED17-7C75-4E14-98E2-82BC53D8417E}.Debug|Any CPU.Build.0 = Debug|Any CPU
		{20A5ED17-7C75-4E14-98E2-82BC53D8417E}.Release|Any CPU.ActiveCfg = Release|Any CPU
		{20A5ED17-7C75-4E14-98E2-82BC53D8417E}.Release|Any CPU.Build.0 = Release|Any CPU
		{CD56D95D-EF68-460B-9502-02BAD2B7A399}.Debug|Any CPU.ActiveCfg = Debug|Any CPU
		{CD56D95D-EF68-460B-9502-02BAD2B7A399}.Debug|Any CPU.Build.0 = Debug|Any CPU
		{CD56D95D-EF68-460B-9502-02BAD2B7A399}.Release|Any CPU.ActiveCfg = Release|Any CPU
		{CD56D95D-EF68-460B-9502-02BAD2B7A399}.Release|Any CPU.Build.0 = Release|Any CPU
		{30116905-D0E9-44B2-8FA9-3C17AFA0FB2E}.Debug|Any CPU.ActiveCfg = Debug|Any CPU
		{30116905-D0E9-44B2-8FA9-3C17AFA0FB2E}.Debug|Any CPU.Build.0 = Debug|Any CPU
		{30116905-D0E9-44B2-8FA9-3C17AFA0FB2E}.Release|Any CPU.ActiveCfg = Release|Any CPU
		{30116905-D0E9-44B2-8FA9-3C17AFA0FB2E}.Release|Any CPU.Build.0 = Release|Any CPU
	EndGlobalSection
	GlobalSection(SolutionProperties) = preSolution
		HideSolutionNode = FALSE
	EndGlobalSection
	GlobalSection(ExtensibilityGlobals) = postSolution
		SolutionGuid = {58F34F76-7E3C-4FF0-8878-2FDCA7416358}
	EndGlobalSection
EndGlobal
