
Microsoft Visual Studio Solution File, Format Version 12.00
# Visual Studio Version 16
VisualStudioVersion = 16.0.29503.13
MinimumVisualStudioVersion = 10.0.40219.1
Project("{FAE04EC0-301F-11D3-BF4B-00C04F79EFBC}") = "Sudoku", "Sudoku\Sudoku.csproj", "{A8F7C337-8DF3-4DEA-A708-3138CE40F16B}"
EndProject
Global
	GlobalSection(SolutionConfigurationPlatforms) = preSolution
		Debug|Any CPU = Debug|Any CPU
		Release|Any CPU = Release|Any CPU
	EndGlobalSection
	GlobalSection(ProjectConfigurationPlatforms) = postSolution
		{A8F7C337-8DF3-4DEA-A708-3138CE40F16B}.Debug|Any CPU.ActiveCfg = Debug|Any CPU
		{A8F7C337-8DF3-4DEA-A708-3138CE40F16B}.Debug|Any CPU.Build.0 = Debug|Any CPU
		{A8F7C337-8DF3-4DEA-A708-3138CE40F16B}.Release|Any CPU.ActiveCfg = Release|Any CPU
		{A8F7C337-8DF3-4DEA-A708-3138CE40F16B}.Release|Any CPU.Build.0 = Release|Any CPU
	EndGlobalSection
	GlobalSection(SolutionProperties) = preSolution
		HideSolutionNode = FALSE
	EndGlobalSection
	GlobalSection(ExtensibilityGlobals) = postSolution
		SolutionGuid = {E0C82E5E-E5B1-43FD-B712-1445009FDAF2}
	EndGlobalSection
EndGlobal
