
Microsoft Visual Studio Solution File, Format Version 12.00
# Visual Studio Version 16
VisualStudioVersion = 16.0.29503.13
MinimumVisualStudioVersion = 10.0.40219.1
Project("{FAE04EC0-301F-11D3-BF4B-00C04F79EFBC}") = "DataStructure", "DataStructure\DataStructure.csproj", "{DAAAF2E2-0165-4B3A-9A10-DDA2C9109642}"
EndProject
Global
	GlobalSection(SolutionConfigurationPlatforms) = preSolution
		Debug|Any CPU = Debug|Any CPU
		Release|Any CPU = Release|Any CPU
	EndGlobalSection
	GlobalSection(ProjectConfigurationPlatforms) = postSolution
		{DAAAF2E2-0165-4B3A-9A10-DDA2C9109642}.Debug|Any CPU.ActiveCfg = Debug|Any CPU
		{DAAAF2E2-0165-4B3A-9A10-DDA2C9109642}.Debug|Any CPU.Build.0 = Debug|Any CPU
		{DAAAF2E2-0165-4B3A-9A10-DDA2C9109642}.Release|Any CPU.ActiveCfg = Release|Any CPU
		{DAAAF2E2-0165-4B3A-9A10-DDA2C9109642}.Release|Any CPU.Build.0 = Release|Any CPU
	EndGlobalSection
	GlobalSection(SolutionProperties) = preSolution
		HideSolutionNode = FALSE
	EndGlobalSection
	GlobalSection(ExtensibilityGlobals) = postSolution
		SolutionGuid = {D652F2AF-32A3-4003-9B2B-1CB182D46533}
	EndGlobalSection
EndGlobal
