
Microsoft Visual Studio Solution File, Format Version 12.00
# Visual Studio Version 16
VisualStudioVersion = 16.0.29503.13
MinimumVisualStudioVersion = 10.0.40219.1
Project("{FAE04EC0-301F-11D3-BF4B-00C04F79EFBC}") = "Stack_Library4", "Stack_Library4\Stack_Library4.csproj", "{F386878B-540D-4575-B3EA-250FE70FE7F3}"
EndProject
Project("{FAE04EC0-301F-11D3-BF4B-00C04F79EFBC}") = "StatckTest", "StatckTest\StatckTest.csproj", "{93BD7C48-6199-4CF7-8845-8D99DF496EF1}"
EndProject
Global
	GlobalSection(SolutionConfigurationPlatforms) = preSolution
		Debug|Any CPU = Debug|Any CPU
		Release|Any CPU = Release|Any CPU
	EndGlobalSection
	GlobalSection(ProjectConfigurationPlatforms) = postSolution
		{F386878B-540D-4575-B3EA-250FE70FE7F3}.Debug|Any CPU.ActiveCfg = Debug|Any CPU
		{F386878B-540D-4575-B3EA-250FE70FE7F3}.Debug|Any CPU.Build.0 = Debug|Any CPU
		{F386878B-540D-4575-B3EA-250FE70FE7F3}.Release|Any CPU.ActiveCfg = Release|Any CPU
		{F386878B-540D-4575-B3EA-250FE70FE7F3}.Release|Any CPU.Build.0 = Release|Any CPU
		{93BD7C48-6199-4CF7-8845-8D99DF496EF1}.Debug|Any CPU.ActiveCfg = Debug|Any CPU
		{93BD7C48-6199-4CF7-8845-8D99DF496EF1}.Debug|Any CPU.Build.0 = Debug|Any CPU
		{93BD7C48-6199-4CF7-8845-8D99DF496EF1}.Release|Any CPU.ActiveCfg = Release|Any CPU
		{93BD7C48-6199-4CF7-8845-8D99DF496EF1}.Release|Any CPU.Build.0 = Release|Any CPU
	EndGlobalSection
	GlobalSection(SolutionProperties) = preSolution
		HideSolutionNode = FALSE
	EndGlobalSection
	GlobalSection(ExtensibilityGlobals) = postSolution
		SolutionGuid = {187C29EF-CE52-4DD7-9CE2-C32D10FA4F19}
	EndGlobalSection
EndGlobal
